
Microsoft Visual Studio Solution File, Format Version 12.00
# Visual Studio 2012
Project("{FAE04EC0-301F-11D3-BF4B-00C04F79EFBC}") = "LibrarySystem", "LibrarySystem\LibrarySystem.csproj", "{93334708-0B38-4A66-A567-AC6B1240BB72}"
EndProject
Project("{FAE04EC0-301F-11D3-BF4B-00C04F79EFBC}") = "LibrarySystem.Domain", "LibrarySystem.Domain\LibrarySystem.Domain.csproj", "{204BAF90-97CE-421E-AD96-4FA07C9ABCD7}"
EndProject
Global
	GlobalSection(SolutionConfigurationPlatforms) = preSolution
		Debug|Any CPU = Debug|Any CPU
		Release|Any CPU = Release|Any CPU
	EndGlobalSection
	GlobalSection(ProjectConfigurationPlatforms) = postSolution
		{93334708-0B38-4A66-A567-AC6B1240BB72}.Debug|Any CPU.ActiveCfg = Debug|Any CPU
		{93334708-0B38-4A66-A567-AC6B1240BB72}.Debug|Any CPU.Build.0 = Debug|Any CPU
		{93334708-0B38-4A66-A567-AC6B1240BB72}.Release|Any CPU.ActiveCfg = Release|Any CPU
		{93334708-0B38-4A66-A567-AC6B1240BB72}.Release|Any CPU.Build.0 = Release|Any CPU
		{204BAF90-97CE-421E-AD96-4FA07C9ABCD7}.Debug|Any CPU.ActiveCfg = Debug|Any CPU
		{204BAF90-97CE-421E-AD96-4FA07C9ABCD7}.Debug|Any CPU.Build.0 = Debug|Any CPU
		{204BAF90-97CE-421E-AD96-4FA07C9ABCD7}.Release|Any CPU.ActiveCfg = Release|Any CPU
		{204BAF90-97CE-421E-AD96-4FA07C9ABCD7}.Release|Any CPU.Build.0 = Release|Any CPU
	EndGlobalSection
	GlobalSection(SolutionProperties) = preSolution
		HideSolutionNode = FALSE
	EndGlobalSection
EndGlobal
